// !$*UTF8*$!
{
	archiveVersion = 1;
	classes = {
	};
	objectVersion = 55;
	objects = {

/* Begin PBXBuildFile section */
		C1EB8FA7284F99DB005FD25E /* AppDelegate.swift in Sources */ = {isa = PBXBuildFile; fileRef = C1EB8FA6284F99DB005FD25E /* AppDelegate.swift */; };
		C1EB8FA9284F99DB005FD25E /* SceneDelegate.swift in Sources */ = {isa = PBXBuildFile; fileRef = C1EB8FA8284F99DB005FD25E /* SceneDelegate.swift */; };
		C1EB8FAB284F99DB005FD25E /* ViewController.swift in Sources */ = {isa = PBXBuildFile; fileRef = C1EB8FAA284F99DB005FD25E /* ViewController.swift */; };
		C1EB8FAE284F99DB005FD25E /* Main.storyboard in Resources */ = {isa = PBXBuildFile; fileRef = C1EB8FAC284F99DB005FD25E /* Main.storyboard */; };
		C1EB8FB0284F99DC005FD25E /* Assets.xcassets in Resources */ = {isa = PBXBuildFile; fileRef = C1EB8FAF284F99DC005FD25E /* Assets.xcassets */; };
		C1EB8FB3284F99DC005FD25E /* LaunchScreen.storyboard in Resources */ = {isa = PBXBuildFile; fileRef = C1EB8FB1284F99DC005FD25E /* LaunchScreen.storyboard */; };
		C1EB8FBE284F99DC005FD25E /* TimerAppTests.swift in Sources */ = {isa = PBXBuildFile; fileRef = C1EB8FBD284F99DC005FD25E /* TimerAppTests.swift */; };
		C1EB8FC8284F99DC005FD25E /* TimerAppUITests.swift in Sources */ = {isa = PBXBuildFile; fileRef = C1EB8FC7284F99DC005FD25E /* TimerAppUITests.swift */; };
		C1EB8FCA284F99DC005FD25E /* TimerAppUITestsLaunchTests.swift in Sources */ = {isa = PBXBuildFile; fileRef = C1EB8FC9284F99DC005FD25E /* TimerAppUITestsLaunchTests.swift */; };
/* End PBXBuildFile section */

/* Begin PBXContainerItemProxy section */
		C1EB8FBA284F99DC005FD25E /* PBXContainerItemProxy */ = {
			isa = PBXContainerItemProxy;
			containerPortal = C1EB8F9B284F99DB005FD25E /* Project object */;
			proxyType = 1;
			remoteGlobalIDString = C1EB8FA2284F99DB005FD25E;
			remoteInfo = TimerApp;
		};
		C1EB8FC4284F99DC005FD25E /* PBXContainerItemProxy */ = {
			isa = PBXContainerItemProxy;
			containerPortal = C1EB8F9B284F99DB005FD25E /* Project object */;
			proxyType = 1;
			remoteGlobalIDString = C1EB8FA2284F99DB005FD25E;
			remoteInfo = TimerApp;
		};
/* End PBXContainerItemProxy section */

/* Begin PBXFileReference section */
		C1EB8FA3284F99DB005FD25E /* TimerApp.app */ = {isa = PBXFileReference; explicitFileType = wrapper.application; includeInIndex = 0; path = TimerApp.app; sourceTree = BUILT_PRODUCTS_DIR; };
		C1EB8FA6284F99DB005FD25E /* AppDelegate.swift */ = {isa = PBXFileReference; lastKnownFileType = sourcecode.swift; path = AppDelegate.swift; sourceTree = "<group>"; };
		C1EB8FA8284F99DB005FD25E /* SceneDelegate.swift */ = {isa = PBXFileReference; lastKnownFileType = sourcecode.swift; path = SceneDelegate.swift; sourceTree = "<group>"; };
		C1EB8FAA284F99DB005FD25E /* ViewController.swift */ = {isa = PBXFileReference; lastKnownFileType = sourcecode.swift; path = ViewController.swift; sourceTree = "<group>"; };
		C1EB8FAD284F99DB005FD25E /* Base */ = {isa = PBXFileReference; lastKnownFileType = file.storyboard; name = Base; path = Base.lproj/Main.storyboard; sourceTree = "<group>"; };
		C1EB8FAF284F99DC005FD25E /* Assets.xcassets */ = {isa = PBXFileReference; lastKnownFileType = folder.assetcatalog; path = Assets.xcassets; sourceTree = "<group>"; };
		C1EB8FB2284F99DC005FD25E /* Base */ = {isa = PBXFileReference; lastKnownFileType = file.storyboard; name = Base; path = Base.lproj/LaunchScreen.storyboard; sourceTree = "<group>"; };
		C1EB8FB4284F99DC005FD25E /* Info.plist */ = {isa = PBXFileReference; lastKnownFileType = text.plist.xml; path = Info.plist; sourceTree = "<group>"; };
		C1EB8FB9284F99DC005FD25E /* TimerAppTests.xctest */ = {isa = PBXFileReference; explicitFileType = wrapper.cfbundle; includeInIndex = 0; path = TimerAppTests.xctest; sourceTree = BUILT_PRODUCTS_DIR; };
		C1EB8FBD284F99DC005FD25E /* TimerAppTests.swift */ = {isa = PBXFileReference; lastKnownFileType = sourcecode.swift; path = TimerAppTests.swift; sourceTree = "<group>"; };
		C1EB8FC3284F99DC005FD25E /* TimerAppUITests.xctest */ = {isa = PBXFileReference; explicitFileType = wrapper.cfbundle; includeInIndex = 0; path = TimerAppUITests.xctest; sourceTree = BUILT_PRODUCTS_DIR; };
		C1EB8FC7284F99DC005FD25E /* TimerAppUITests.swift */ = {isa = PBXFileReference; lastKnownFileType = sourcecode.swift; path = TimerAppUITests.swift; sourceTree = "<group>"; };
		C1EB8FC9284F99DC005FD25E /* TimerAppUITestsLaunchTests.swift */ = {isa = PBXFileReference; lastKnownFileType = sourcecode.swift; path = TimerAppUITestsLaunchTests.swift; sourceTree = "<group>"; };
/* End PBXFileReference section */

/* Begin PBXFrameworksBuildPhase section */
		C1EB8FA0284F99DB005FD25E /* Frameworks */ = {
			isa = PBXFrameworksBuildPhase;
			buildActionMask = 2147483647;
			files = (
			);
			runOnlyForDeploymentPostprocessing = 0;
		};
		C1EB8FB6284F99DC005FD25E /* Frameworks */ = {
			isa = PBXFrameworksBuildPhase;
			buildActionMask = 2147483647;
			files = (
			);
			runOnlyForDeploymentPostprocessing = 0;
		};
		C1EB8FC0284F99DC005FD25E /* Frameworks */ = {
			isa = PBXFrameworksBuildPhase;
			buildActionMask = 2147483647;
			files = (
			);
			runOnlyForDeploymentPostprocessing = 0;
		};
/* End PBXFrameworksBuildPhase section */

/* Begin PBXGroup section */
		C1EB8F9A284F99DB005FD25E = {
			isa = PBXGroup;
			children = (
				C1EB8FA5284F99DB005FD25E /* TimerApp */,
				C1EB8FBC284F99DC005FD25E /* TimerAppTests */,
				C1EB8FC6284F99DC005FD25E /* TimerAppUITests */,
				C1EB8FA4284F99DB005FD25E /* Products */,
			);
			sourceTree = "<group>";
		};
		C1EB8FA4284F99DB005FD25E /* Products */ = {
			isa = PBXGroup;
			children = (
				C1EB8FA3284F99DB005FD25E /* TimerApp.app */,
				C1EB8FB9284F99DC005FD25E /* TimerAppTests.xctest */,
				C1EB8FC3284F99DC005FD25E /* TimerAppUITests.xctest */,
			);
			name = Products;
			sourceTree = "<group>";
		};
		C1EB8FA5284F99DB005FD25E /* TimerApp */ = {
			isa = PBXGroup;
			children = (
				C1EB8FA6284F99DB005FD25E /* AppDelegate.swift */,
				C1EB8FA8284F99DB005FD25E /* SceneDelegate.swift */,
				C1EB8FAA284F99DB005FD25E /* ViewController.swift */,
				C1EB8FAC284F99DB005FD25E /* Main.storyboard */,
				C1EB8FAF284F99DC005FD25E /* Assets.xcassets */,
				C1EB8FB1284F99DC005FD25E /* LaunchScreen.storyboard */,
				C1EB8FB4284F99DC005FD25E /* Info.plist */,
			);
			path = TimerApp;
			sourceTree = "<group>";
		};
		C1EB8FBC284F99DC005FD25E /* TimerAppTests */ = {
			isa = PBXGroup;
			children = (
				C1EB8FBD284F99DC005FD25E /* TimerAppTests.swift */,
			);
			path = TimerAppTests;
			sourceTree = "<group>";
		};
		C1EB8FC6284F99DC005FD25E /* TimerAppUITests */ = {
			isa = PBXGroup;
			children = (
				C1EB8FC7284F99DC005FD25E /* TimerAppUITests.swift */,
				C1EB8FC9284F99DC005FD25E /* TimerAppUITestsLaunchTests.swift */,
			);
			path = TimerAppUITests;
			sourceTree = "<group>";
		};
/* End PBXGroup section */

/* Begin PBXNativeTarget section */
		C1EB8FA2284F99DB005FD25E /* TimerApp */ = {
			isa = PBXNativeTarget;
			buildConfigurationList = C1EB8FCD284F99DC005FD25E /* Build configuration list for PBXNativeTarget "TimerApp" */;
			buildPhases = (
				C1EB8F9F284F99DB005FD25E /* Sources */,
				C1EB8FA0284F99DB005FD25E /* Frameworks */,
				C1EB8FA1284F99DB005FD25E /* Resources */,
			);
			buildRules = (
			);
			dependencies = (
			);
			name = TimerApp;
			productName = TimerApp;
			productReference = C1EB8FA3284F99DB005FD25E /* TimerApp.app */;
			productType = "com.apple.product-type.application";
		};
		C1EB8FB8284F99DC005FD25E /* TimerAppTests */ = {
			isa = PBXNativeTarget;
			buildConfigurationList = C1EB8FD0284F99DC005FD25E /* Build configuration list for PBXNativeTarget "TimerAppTests" */;
			buildPhases = (
				C1EB8FB5284F99DC005FD25E /* Sources */,
				C1EB8FB6284F99DC005FD25E /* Frameworks */,
				C1EB8FB7284F99DC005FD25E /* Resources */,
			);
			buildRules = (
			);
			dependencies = (
				C1EB8FBB284F99DC005FD25E /* PBXTargetDependency */,
			);
			name = TimerAppTests;
			productName = TimerAppTests;
			productReference = C1EB8FB9284F99DC005FD25E /* TimerAppTests.xctest */;
			productType = "com.apple.product-type.bundle.unit-test";
		};
		C1EB8FC2284F99DC005FD25E /* TimerAppUITests */ = {
			isa = PBXNativeTarget;
			buildConfigurationList = C1EB8FD3284F99DC005FD25E /* Build configuration list for PBXNativeTarget "TimerAppUITests" */;
			buildPhases = (
				C1EB8FBF284F99DC005FD25E /* Sources */,
				C1EB8FC0284F99DC005FD25E /* Frameworks */,
				C1EB8FC1284F99DC005FD25E /* Resources */,
			);
			buildRules = (
			);
			dependencies = (
				C1EB8FC5284F99DC005FD25E /* PBXTargetDependency */,
			);
			name = TimerAppUITests;
			productName = TimerAppUITests;
			productReference = C1EB8FC3284F99DC005FD25E /* TimerAppUITests.xctest */;
			productType = "com.apple.product-type.bundle.ui-testing";
		};
/* End PBXNativeTarget section */

/* Begin PBXProject section */
		C1EB8F9B284F99DB005FD25E /* Project object */ = {
			isa = PBXProject;
			attributes = {
				BuildIndependentTargetsInParallel = 1;
				LastSwiftUpdateCheck = 1340;
				LastUpgradeCheck = 1340;
				TargetAttributes = {
					C1EB8FA2284F99DB005FD25E = {
						CreatedOnToolsVersion = 13.4;
					};
					C1EB8FB8284F99DC005FD25E = {
						CreatedOnToolsVersion = 13.4;
						TestTargetID = C1EB8FA2284F99DB005FD25E;
					};
					C1EB8FC2284F99DC005FD25E = {
						CreatedOnToolsVersion = 13.4;
						TestTargetID = C1EB8FA2284F99DB005FD25E;
					};
				};
			};
			buildConfigurationList = C1EB8F9E284F99DB005FD25E /* Build configuration list for PBXProject "TimerApp" */;
			compatibilityVersion = "Xcode 13.0";
			developmentRegion = en;
			hasScannedForEncodings = 0;
			knownRegions = (
				en,
				Base,
			);
			mainGroup = C1EB8F9A284F99DB005FD25E;
			productRefGroup = C1EB8FA4284F99DB005FD25E /* Products */;
			projectDirPath = "";
			projectRoot = "";
			targets = (
				C1EB8FA2284F99DB005FD25E /* TimerApp */,
				C1EB8FB8284F99DC005FD25E /* TimerAppTests */,
				C1EB8FC2284F99DC005FD25E /* TimerAppUITests */,
			);
		};
/* End PBXProject section */

/* Begin PBXResourcesBuildPhase section */
		C1EB8FA1284F99DB005FD25E /* Resources */ = {
			isa = PBXResourcesBuildPhase;
			buildActionMask = 2147483647;
			files = (
				C1EB8FB3284F99DC005FD25E /* LaunchScreen.storyboard in Resources */,
				C1EB8FB0284F99DC005FD25E /* Assets.xcassets in Resources */,
				C1EB8FAE284F99DB005FD25E /* Main.storyboard in Resources */,
			);
			runOnlyForDeploymentPostprocessing = 0;
		};
		C1EB8FB7284F99DC005FD25E /* Resources */ = {
			isa = PBXResourcesBuildPhase;
			buildActionMask = 2147483647;
			files = (
			);
			runOnlyForDeploymentPostprocessing = 0;
		};
		C1EB8FC1284F99DC005FD25E /* Resources */ = {
			isa = PBXResourcesBuildPhase;
			buildActionMask = 2147483647;
			files = (
			);
			runOnlyForDeploymentPostprocessing = 0;
		};
/* End PBXResourcesBuildPhase section */

/* Begin PBXSourcesBuildPhase section */
		C1EB8F9F284F99DB005FD25E /* Sources */ = {
			isa = PBXSourcesBuildPhase;
			buildActionMask = 2147483647;
			files = (
				C1EB8FAB284F99DB005FD25E /* ViewController.swift in Sources */,
				C1EB8FA7284F99DB005FD25E /* AppDelegate.swift in Sources */,
				C1EB8FA9284F99DB005FD25E /* SceneDelegate.swift in Sources */,
			);
			runOnlyForDeploymentPostprocessing = 0;
		};
		C1EB8FB5284F99DC005FD25E /* Sources */ = {
			isa = PBXSourcesBuildPhase;
			buildActionMask = 2147483647;
			files = (
				C1EB8FBE284F99DC005FD25E /* TimerAppTests.swift in Sources */,
			);
			runOnlyForDeploymentPostprocessing = 0;
		};
		C1EB8FBF284F99DC005FD25E /* Sources */ = {
			isa = PBXSourcesBuildPhase;
			buildActionMask = 2147483647;
			files = (
				C1EB8FCA284F99DC005FD25E /* TimerAppUITestsLaunchTests.swift in Sources */,
				C1EB8FC8284F99DC005FD25E /* TimerAppUITests.swift in Sources */,
			);
			runOnlyForDeploymentPostprocessing = 0;
		};
/* End PBXSourcesBuildPhase section */

/* Begin PBXTargetDependency section */
		C1EB8FBB284F99DC005FD25E /* PBXTargetDependency */ = {
			isa = PBXTargetDependency;
			target = C1EB8FA2284F99DB005FD25E /* TimerApp */;
			targetProxy = C1EB8FBA284F99DC005FD25E /* PBXContainerItemProxy */;
		};
		C1EB8FC5284F99DC005FD25E /* PBXTargetDependency */ = {
			isa = PBXTargetDependency;
			target = C1EB8FA2284F99DB005FD25E /* TimerApp */;
			targetProxy = C1EB8FC4284F99DC005FD25E /* PBXContainerItemProxy */;
		};
/* End PBXTargetDependency section */

/* Begin PBXVariantGroup section */
		C1EB8FAC284F99DB005FD25E /* Main.storyboard */ = {
			isa = PBXVariantGroup;
			children = (
				C1EB8FAD284F99DB005FD25E /* Base */,
			);
			name = Main.storyboard;
			sourceTree = "<group>";
		};
		C1EB8FB1284F99DC005FD25E /* LaunchScreen.storyboard */ = {
			isa = PBXVariantGroup;
			children = (
				C1EB8FB2284F99DC005FD25E /* Base */,
			);
			name = LaunchScreen.storyboard;
			sourceTree = "<group>";
		};
/* End PBXVariantGroup section */

/* Begin XCBuildConfiguration section */
		C1EB8FCB284F99DC005FD25E /* Debug */ = {
			isa = XCBuildConfiguration;
			buildSettings = {
				ALWAYS_SEARCH_USER_PATHS = NO;
				CLANG_ANALYZER_NONNULL = YES;
				CLANG_ANALYZER_NUMBER_OBJECT_CONVERSION = YES_AGGRESSIVE;
				CLANG_CXX_LANGUAGE_STANDARD = "gnu++17";
				CLANG_ENABLE_MODULES = YES;
				CLANG_ENABLE_OBJC_ARC = YES;
				CLANG_ENABLE_OBJC_WEAK = YES;
				CLANG_WARN_BLOCK_CAPTURE_AUTORELEASING = YES;
				CLANG_WARN_BOOL_CONVERSION = YES;
				CLANG_WARN_COMMA = YES;
				CLANG_WARN_CONSTANT_CONVERSION = YES;
				CLANG_WARN_DEPRECATED_OBJC_IMPLEMENTATIONS = YES;
				CLANG_WARN_DIRECT_OBJC_ISA_USAGE = YES_ERROR;
				CLANG_WARN_DOCUMENTATION_COMMENTS = YES;
				CLANG_WARN_EMPTY_BODY = YES;
				CLANG_WARN_ENUM_CONVERSION = YES;
				CLANG_WARN_INFINITE_RECURSION = YES;
				CLANG_WARN_INT_CONVERSION = YES;
				CLANG_WARN_NON_LITERAL_NULL_CONVERSION = YES;
				CLANG_WARN_OBJC_IMPLICIT_RETAIN_SELF = YES;
				CLANG_WARN_OBJC_LITERAL_CONVERSION = YES;
				CLANG_WARN_OBJC_ROOT_CLASS = YES_ERROR;
				CLANG_WARN_QUOTED_INCLUDE_IN_FRAMEWORK_HEADER = YES;
				CLANG_WARN_RANGE_LOOP_ANALYSIS = YES;
				CLANG_WARN_STRICT_PROTOTYPES = YES;
				CLANG_WARN_SUSPICIOUS_MOVE = YES;
				CLANG_WARN_UNGUARDED_AVAILABILITY = YES_AGGRESSIVE;
				CLANG_WARN_UNREACHABLE_CODE = YES;
				CLANG_WARN__DUPLICATE_METHOD_MATCH = YES;
				COPY_PHASE_STRIP = NO;
				DEBUG_INFORMATION_FORMAT = dwarf;
				ENABLE_STRICT_OBJC_MSGSEND = YES;
				ENABLE_TESTABILITY = YES;
				GCC_C_LANGUAGE_STANDARD = gnu11;
				GCC_DYNAMIC_NO_PIC = NO;
				GCC_NO_COMMON_BLOCKS = YES;
				GCC_OPTIMIZATION_LEVEL = 0;
				GCC_PREPROCESSOR_DEFINITIONS = (
					"DEBUG=1",
					"$(inherited)",
				);
				GCC_WARN_64_TO_32_BIT_CONVERSION = YES;
				GCC_WARN_ABOUT_RETURN_TYPE = YES_ERROR;
				GCC_WARN_UNDECLARED_SELECTOR = YES;
				GCC_WARN_UNINITIALIZED_AUTOS = YES_AGGRESSIVE;
				GCC_WARN_UNUSED_FUNCTION = YES;
				GCC_WARN_UNUSED_VARIABLE = YES;
				IPHONEOS_DEPLOYMENT_TARGET = 15.5;
				MTL_ENABLE_DEBUG_INFO = INCLUDE_SOURCE;
				MTL_FAST_MATH = YES;
				ONLY_ACTIVE_ARCH = YES;
				SDKROOT = iphoneos;
				SWIFT_ACTIVE_COMPILATION_CONDITIONS = DEBUG;
				SWIFT_OPTIMIZATION_LEVEL = "-Onone";
			};
			name = Debug;
		};
		C1EB8FCC284F99DC005FD25E /* Release */ = {
			isa = XCBuildConfiguration;
			buildSettings = {
				ALWAYS_SEARCH_USER_PATHS = NO;
				CLANG_ANALYZER_NONNULL = YES;
				CLANG_ANALYZER_NUMBER_OBJECT_CONVERSION = YES_AGGRESSIVE;
				CLANG_CXX_LANGUAGE_STANDARD = "gnu++17";
				CLANG_ENABLE_MODULES = YES;
				CLANG_ENABLE_OBJC_ARC = YES;
				CLANG_ENABLE_OBJC_WEAK = YES;
				CLANG_WARN_BLOCK_CAPTURE_AUTORELEASING = YES;
				CLANG_WARN_BOOL_CONVERSION = YES;
				CLANG_WARN_COMMA = YES;
				CLANG_WARN_CONSTANT_CONVERSION = YES;
				CLANG_WARN_DEPRECATED_OBJC_IMPLEMENTATIONS = YES;
				CLANG_WARN_DIRECT_OBJC_ISA_USAGE = YES_ERROR;
				CLANG_WARN_DOCUMENTATION_COMMENTS = YES;
				CLANG_WARN_EMPTY_BODY = YES;
				CLANG_WARN_ENUM_CONVERSION = YES;
				CLANG_WARN_INFINITE_RECURSION = YES;
				CLANG_WARN_INT_CONVERSION = YES;
				CLANG_WARN_NON_LITERAL_NULL_CONVERSION = YES;
				CLANG_WARN_OBJC_IMPLICIT_RETAIN_SELF = YES;
				CLANG_WARN_OBJC_LITERAL_CONVERSION = YES;
				CLANG_WARN_OBJC_ROOT_CLASS = YES_ERROR;
				CLANG_WARN_QUOTED_INCLUDE_IN_FRAMEWORK_HEADER = YES;
				CLANG_WARN_RANGE_LOOP_ANALYSIS = YES;
				CLANG_WARN_STRICT_PROTOTYPES = YES;
				CLANG_WARN_SUSPICIOUS_MOVE = YES;
				CLANG_WARN_UNGUARDED_AVAILABILITY = YES_AGGRESSIVE;
				CLANG_WARN_UNREACHABLE_CODE = YES;
				CLANG_WARN__DUPLICATE_METHOD_MATCH = YES;
				COPY_PHASE_STRIP = NO;
				DEBUG_INFORMATION_FORMAT = "dwarf-with-dsym";
				ENABLE_NS_ASSERTIONS = NO;
				ENABLE_STRICT_OBJC_MSGSEND = YES;
				GCC_C_LANGUAGE_STANDARD = gnu11;
				GCC_NO_COMMON_BLOCKS = YES;
				GCC_WARN_64_TO_32_BIT_CONVERSION = YES;
				GCC_WARN_ABOUT_RETURN_TYPE = YES_ERROR;
				GCC_WARN_UNDECLARED_SELECTOR = YES;
				GCC_WARN_UNINITIALIZED_AUTOS = YES_AGGRESSIVE;
				GCC_WARN_UNUSED_FUNCTION = YES;
				GCC_WARN_UNUSED_VARIABLE = YES;
				IPHONEOS_DEPLOYMENT_TARGET = 15.5;
				MTL_ENABLE_DEBUG_INFO = NO;
				MTL_FAST_MATH = YES;
				SDKROOT = iphoneos;
				SWIFT_COMPILATION_MODE = wholemodule;
				SWIFT_OPTIMIZATION_LEVEL = "-O";
				VALIDATE_PRODUCT = YES;
			};
			name = Release;
		};
		C1EB8FCE284F99DC005FD25E /* Debug */ = {
			isa = XCBuildConfiguration;
			buildSettings = {
				ASSETCATALOG_COMPILER_APPICON_NAME = AppIcon;
				ASSETCATALOG_COMPILER_GLOBAL_ACCENT_COLOR_NAME = AccentColor;
				CODE_SIGN_STYLE = Automatic;
				CURRENT_PROJECT_VERSION = 1;
				GENERATE_INFOPLIST_FILE = YES;
				INFOPLIST_FILE = TimerApp/Info.plist;
				INFOPLIST_KEY_UIApplicationSupportsIndirectInputEvents = YES;
				INFOPLIST_KEY_UILaunchStoryboardName = LaunchScreen;
				INFOPLIST_KEY_UIMainStoryboardFile = Main;
				INFOPLIST_KEY_UISupportedInterfaceOrientations_iPad = "UIInterfaceOrientationPortrait UIInterfaceOrientationPortraitUpsideDown UIInterfaceOrientationLandscapeLeft UIInterfaceOrientationLandscapeRight";
				INFOPLIST_KEY_UISupportedInterfaceOrientations_iPhone = "UIInterfaceOrientationPortrait UIInterfaceOrientationLandscapeLeft UIInterfaceOrientationLandscapeRight";
				LD_RUNPATH_SEARCH_PATHS = (
					"$(inherited)",
					"@executable_path/Frameworks",
				);
				MARKETING_VERSION = 1.0;
				PRODUCT_BUNDLE_IDENTIFIER = bezzies.TimerApp;
				PRODUCT_NAME = "$(TARGET_NAME)";
				SWIFT_EMIT_LOC_STRINGS = YES;
				SWIFT_VERSION = 5.0;
				TARGETED_DEVICE_FAMILY = "1,2";
			};
			name = Debug;
		};
		C1EB8FCF284F99DC005FD25E /* Release */ = {
			isa = XCBuildConfiguration;
			buildSettings = {
				ASSETCATALOG_COMPILER_APPICON_NAME = AppIcon;
				ASSETCATALOG_COMPILER_GLOBAL_ACCENT_COLOR_NAME = AccentColor;
				CODE_SIGN_STYLE = Automatic;
				CURRENT_PROJECT_VERSION = 1;
				GENERATE_INFOPLIST_FILE = YES;
				INFOPLIST_FILE = TimerApp/Info.plist;
				INFOPLIST_KEY_UIApplicationSupportsIndirectInputEvents = YES;
				INFOPLIST_KEY_UILaunchStoryboardName = LaunchScreen;
				INFOPLIST_KEY_UIMainStoryboardFile = Main;
				INFOPLIST_KEY_UISupportedInterfaceOrientations_iPad = "UIInterfaceOrientationPortrait UIInterfaceOrientationPortraitUpsideDown UIInterfaceOrientationLandscapeLeft UIInterfaceOrientationLandscapeRight";
				INFOPLIST_KEY_UISupportedInterfaceOrientations_iPhone = "UIInterfaceOrientationPortrait UIInterfaceOrientationLandscapeLeft UIInterfaceOrientationLandscapeRight";
				LD_RUNPATH_SEARCH_PATHS = (
					"$(inherited)",
					"@executable_path/Frameworks",
				);
				MARKETING_VERSION = 1.0;
				PRODUCT_BUNDLE_IDENTIFIER = bezzies.TimerApp;
				PRODUCT_NAME = "$(TARGET_NAME)";
				SWIFT_EMIT_LOC_STRINGS = YES;
				SWIFT_VERSION = 5.0;
				TARGETED_DEVICE_FAMILY = "1,2";
			};
			name = Release;
		};
		C1EB8FD1284F99DC005FD25E /* Debug */ = {
			isa = XCBuildConfiguration;
			buildSettings = {
				ALWAYS_EMBED_SWIFT_STANDARD_LIBRARIES = YES;
				BUNDLE_LOADER = "$(TEST_HOST)";
				CODE_SIGN_STYLE = Automatic;
				CURRENT_PROJECT_VERSION = 1;
				GENERATE_INFOPLIST_FILE = YES;
				IPHONEOS_DEPLOYMENT_TARGET = 15.5;
				MARKETING_VERSION = 1.0;
				PRODUCT_BUNDLE_IDENTIFIER = bezzies.TimerAppTests;
				PRODUCT_NAME = "$(TARGET_NAME)";
				SWIFT_EMIT_LOC_STRINGS = NO;
				SWIFT_VERSION = 5.0;
				TARGETED_DEVICE_FAMILY = "1,2";
				TEST_HOST = "$(BUILT_PRODUCTS_DIR)/TimerApp.app/TimerApp";
			};
			name = Debug;
		};
		C1EB8FD2284F99DC005FD25E /* Release */ = {
			isa = XCBuildConfiguration;
			buildSettings = {
				ALWAYS_EMBED_SWIFT_STANDARD_LIBRARIES = YES;
				BUNDLE_LOADER = "$(TEST_HOST)";
				CODE_SIGN_STYLE = Automatic;
				CURRENT_PROJECT_VERSION = 1;
				GENERATE_INFOPLIST_FILE = YES;
				IPHONEOS_DEPLOYMENT_TARGET = 15.5;
				MARKETING_VERSION = 1.0;
				PRODUCT_BUNDLE_IDENTIFIER = bezzies.TimerAppTests;
				PRODUCT_NAME = "$(TARGET_NAME)";
				SWIFT_EMIT_LOC_STRINGS = NO;
				SWIFT_VERSION = 5.0;
				TARGETED_DEVICE_FAMILY = "1,2";
				TEST_HOST = "$(BUILT_PRODUCTS_DIR)/TimerApp.app/TimerApp";
			};
			name = Release;
		};
		C1EB8FD4284F99DC005FD25E /* Debug */ = {
			isa = XCBuildConfiguration;
			buildSettings = {
				ALWAYS_EMBED_SWIFT_STANDARD_LIBRARIES = YES;
				CODE_SIGN_STYLE = Automatic;
				CURRENT_PROJECT_VERSION = 1;
				GENERATE_INFOPLIST_FILE = YES;
				MARKETING_VERSION = 1.0;
				PRODUCT_BUNDLE_IDENTIFIER = bezzies.TimerAppUITests;
				PRODUCT_NAME = "$(TARGET_NAME)";
				SWIFT_EMIT_LOC_STRINGS = NO;
				SWIFT_VERSION = 5.0;
				TARGETED_DEVICE_FAMILY = "1,2";
				TEST_TARGET_NAME = TimerApp;
			};
			name = Debug;
		};
		C1EB8FD5284F99DC005FD25E /* Release */ = {
			isa = XCBuildConfiguration;
			buildSettings = {
				ALWAYS_EMBED_SWIFT_STANDARD_LIBRARIES = YES;
				CODE_SIGN_STYLE = Automatic;
				CURRENT_PROJECT_VERSION = 1;
				GENERATE_INFOPLIST_FILE = YES;
				MARKETING_VERSION = 1.0;
				PRODUCT_BUNDLE_IDENTIFIER = bezzies.TimerAppUITests;
				PRODUCT_NAME = "$(TARGET_NAME)";
				SWIFT_EMIT_LOC_STRINGS = NO;
				SWIFT_VERSION = 5.0;
				TARGETED_DEVICE_FAMILY = "1,2";
				TEST_TARGET_NAME = TimerApp;
			};
			name = Release;
		};
/* End XCBuildConfiguration section */

/* Begin XCConfigurationList section */
		C1EB8F9E284F99DB005FD25E /* Build configuration list for PBXProject "TimerApp" */ = {
			isa = XCConfigurationList;
			buildConfigurations = (
				C1EB8FCB284F99DC005FD25E /* Debug */,
				C1EB8FCC284F99DC005FD25E /* Release */,
			);
			defaultConfigurationIsVisible = 0;
			defaultConfigurationName = Release;
		};
		C1EB8FCD284F99DC005FD25E /* Build configuration list for PBXNativeTarget "TimerApp" */ = {
			isa = XCConfigurationList;
			buildConfigurations = (
				C1EB8FCE284F99DC005FD25E /* Debug */,
				C1EB8FCF284F99DC005FD25E /* Release */,
			);
			defaultConfigurationIsVisible = 0;
			defaultConfigurationName = Release;
		};
		C1EB8FD0284F99DC005FD25E /* Build configuration list for PBXNativeTarget "TimerAppTests" */ = {
			isa = XCConfigurationList;
			buildConfigurations = (
				C1EB8FD1284F99DC005FD25E /* Debug */,
				C1EB8FD2284F99DC005FD25E /* Release */,
			);
			defaultConfigurationIsVisible = 0;
			defaultConfigurationName = Release;
		};
		C1EB8FD3284F99DC005FD25E /* Build configuration list for PBXNativeTarget "TimerAppUITests" */ = {
			isa = XCConfigurationList;
			buildConfigurations = (
				C1EB8FD4284F99DC005FD25E /* Debug */,
				C1EB8FD5284F99DC005FD25E /* Release */,
			);
			defaultConfigurationIsVisible = 0;
			defaultConfigurationName = Release;
		};
/* End XCConfigurationList section */
	};
	rootObject = C1EB8F9B284F99DB005FD25E /* Project object */;
}
